{
  "version": 4,
  "terraform_version": "0.15.1",
  "serial": 12,
  "lineage": "db3242d1-ee70-b916-6d87-319b23360b9c",
  "outputs": {},
  "resources": [
    {
      "mode": "data",
      "type": "aws_security_group",
      "name": "kops_node_secgrp",
      "provider": "provider[\"registry.terraform.io/hashicorp/aws\"]",
      "instances": [
        {
          "schema_version": 0,
          "attributes": {
            "arn": "arn:aws:ec2:ap-south-1:064814169464:security-group/sg-0b6586dea90e65789",
            "description": "Security group for nodes",
            "filter": null,
            "id": "sg-0b6586dea90e65789",
            "name": "nodes.kopsdemo.k8s.local",
            "tags": {
              "KubernetesCluster": "kopsdemo.k8s.local",
              "Name": "nodes.kopsdemo.k8s.local",
              "kubernetes.io/cluster/kopsdemo.k8s.local": "owned"
            },
            "vpc_id": "vpc-0cb945047b5dac62a"
          },
          "sensitive_attributes": []
        }
      ]
    },
    {
      "mode": "data",
      "type": "aws_subnet_ids",
      "name": "kops_subnets",
      "provider": "provider[\"registry.terraform.io/hashicorp/aws\"]",
      "instances": [
        {
          "schema_version": 0,
          "attributes": {
            "filter": null,
            "id": "vpc-0cb945047b5dac62a",
            "ids": [
              "subnet-0921bc41f78d0a0e9",
              "subnet-0ac1799910fdf89be",
              "subnet-0d6ce75b470aefb19"
            ],
            "tags": {
              "KubernetesCluster": "kopsdemo.k8s.local"
            },
            "vpc_id": "vpc-0cb945047b5dac62a"
          },
          "sensitive_attributes": []
        }
      ]
    },
    {
      "mode": "data",
      "type": "aws_vpc",
      "name": "kops_vpc",
      "provider": "provider[\"registry.terraform.io/hashicorp/aws\"]",
      "instances": [
        {
          "schema_version": 0,
          "attributes": {
            "arn": "arn:aws:ec2:ap-south-1:064814169464:vpc/vpc-0cb945047b5dac62a",
            "cidr_block": "172.20.0.0/16",
            "cidr_block_associations": [
              {
                "association_id": "vpc-cidr-assoc-0a8fbd96aa7e3231d",
                "cidr_block": "172.20.0.0/16",
                "state": "associated"
              }
            ],
            "default": false,
            "dhcp_options_id": "dopt-05fd3a427a5c277eb",
            "enable_dns_hostnames": true,
            "enable_dns_support": true,
            "filter": null,
            "id": "vpc-0cb945047b5dac62a",
            "instance_tenancy": "default",
            "ipv6_association_id": null,
            "ipv6_cidr_block": null,
            "main_route_table_id": "rtb-038ece1e77dcb5357",
            "owner_id": "064814169464",
            "state": "available",
            "tags": {
              "KubernetesCluster": "kopsdemo.k8s.local",
              "Name": "kopsdemo.k8s.local",
              "kubernetes.io/cluster/kopsdemo.k8s.local": "owned"
            }
          },
          "sensitive_attributes": []
        }
      ]
    },
    {
      "mode": "managed",
      "type": "aws_efs_file_system",
      "name": "eks-volume",
      "provider": "provider[\"registry.terraform.io/hashicorp/aws\"]",
      "instances": [
        {
          "schema_version": 0,
          "attributes": {
            "arn": "arn:aws:elasticfilesystem:ap-south-1:064814169464:file-system/fs-a8764479",
            "availability_zone_id": "",
            "availability_zone_name": "",
            "creation_token": "eks-volumes",
            "dns_name": "fs-a8764479.efs.ap-south-1.amazonaws.com",
            "encrypted": true,
            "id": "fs-a8764479",
            "kms_key_id": "arn:aws:kms:ap-south-1:064814169464:key/fc5e3a92-003d-4c4f-9843-baa9e6e3b455",
            "lifecycle_policy": [],
            "number_of_mount_targets": 3,
            "owner_id": "064814169464",
            "performance_mode": "generalPurpose",
            "provisioned_throughput_in_mibps": 0,
            "size_in_bytes": [
              {
                "value": 6144,
                "value_in_ia": 0,
                "value_in_standard": 6144
              }
            ],
            "tags": {
              "Name": "EKSVolumes"
            },
            "tags_all": {
              "Name": "EKSVolumes"
            },
            "throughput_mode": "bursting"
          },
          "sensitive_attributes": [],
          "private": "bnVsbA=="
        }
      ]
    },
    {
      "mode": "managed",
      "type": "aws_efs_mount_target",
      "name": "eks-volume-targets",
      "provider": "provider[\"registry.terraform.io/hashicorp/aws\"]",
      "instances": [
        {
          "index_key": "subnet-0921bc41f78d0a0e9",
          "schema_version": 0,
          "attributes": {
            "availability_zone_id": "aps1-az1",
            "availability_zone_name": "ap-south-1a",
            "dns_name": "fs-a8764479.efs.ap-south-1.amazonaws.com",
            "file_system_arn": "arn:aws:elasticfilesystem:ap-south-1:064814169464:file-system/fs-a8764479",
            "file_system_id": "fs-a8764479",
            "id": "fsmt-45058394",
            "ip_address": "172.20.50.147",
            "mount_target_dns_name": "ap-south-1a.fs-a8764479.efs.ap-south-1.amazonaws.com",
            "network_interface_id": "eni-0b7c967dece7d8887",
            "owner_id": "064814169464",
            "security_groups": [
              "sg-0ee4b09b43c2843ff"
            ],
            "subnet_id": "subnet-0921bc41f78d0a0e9"
          },
          "sensitive_attributes": [],
          "private": "bnVsbA==",
          "dependencies": [
            "aws_efs_file_system.eks-volume",
            "aws_security_group.efs-target-eks-volumes",
            "data.aws_security_group.kops_node_secgrp",
            "data.aws_subnet_ids.kops_subnets",
            "data.aws_vpc.kops_vpc"
          ]
        },
        {
          "index_key": "subnet-0ac1799910fdf89be",
          "schema_version": 0,
          "attributes": {
            "availability_zone_id": "aps1-az3",
            "availability_zone_name": "ap-south-1b",
            "dns_name": "fs-a8764479.efs.ap-south-1.amazonaws.com",
            "file_system_arn": "arn:aws:elasticfilesystem:ap-south-1:064814169464:file-system/fs-a8764479",
            "file_system_id": "fs-a8764479",
            "id": "fsmt-87058356",
            "ip_address": "172.20.69.105",
            "mount_target_dns_name": "ap-south-1b.fs-a8764479.efs.ap-south-1.amazonaws.com",
            "network_interface_id": "eni-048e193ae63f0ea5a",
            "owner_id": "064814169464",
            "security_groups": [
              "sg-0ee4b09b43c2843ff"
            ],
            "subnet_id": "subnet-0ac1799910fdf89be"
          },
          "sensitive_attributes": [],
          "private": "bnVsbA==",
          "dependencies": [
            "aws_security_group.efs-target-eks-volumes",
            "data.aws_security_group.kops_node_secgrp",
            "data.aws_subnet_ids.kops_subnets",
            "data.aws_vpc.kops_vpc",
            "aws_efs_file_system.eks-volume"
          ]
        },
        {
          "index_key": "subnet-0d6ce75b470aefb19",
          "schema_version": 0,
          "attributes": {
            "availability_zone_id": "aps1-az2",
            "availability_zone_name": "ap-south-1c",
            "dns_name": "fs-a8764479.efs.ap-south-1.amazonaws.com",
            "file_system_arn": "arn:aws:elasticfilesystem:ap-south-1:064814169464:file-system/fs-a8764479",
            "file_system_id": "fs-a8764479",
            "id": "fsmt-84058355",
            "ip_address": "172.20.122.236",
            "mount_target_dns_name": "ap-south-1c.fs-a8764479.efs.ap-south-1.amazonaws.com",
            "network_interface_id": "eni-0cbe440a2118f2abb",
            "owner_id": "064814169464",
            "security_groups": [
              "sg-0ee4b09b43c2843ff"
            ],
            "subnet_id": "subnet-0d6ce75b470aefb19"
          },
          "sensitive_attributes": [],
          "private": "bnVsbA==",
          "dependencies": [
            "data.aws_security_group.kops_node_secgrp",
            "data.aws_subnet_ids.kops_subnets",
            "data.aws_vpc.kops_vpc",
            "aws_efs_file_system.eks-volume",
            "aws_security_group.efs-target-eks-volumes"
          ]
        }
      ]
    },
    {
      "mode": "managed",
      "type": "aws_security_group",
      "name": "efs-target-eks-volumes",
      "provider": "provider[\"registry.terraform.io/hashicorp/aws\"]",
      "instances": [
        {
          "schema_version": 1,
          "attributes": {
            "arn": "arn:aws:ec2:ap-south-1:064814169464:security-group/sg-0ee4b09b43c2843ff",
            "description": "Allows NFS traffic from instances within the VPC.",
            "egress": [
              {
                "cidr_blocks": [],
                "description": "",
                "from_port": 2049,
                "ipv6_cidr_blocks": [],
                "prefix_list_ids": [],
                "protocol": "tcp",
                "security_groups": [
                  "sg-0b6586dea90e65789"
                ],
                "self": false,
                "to_port": 2049
              }
            ],
            "id": "sg-0ee4b09b43c2843ff",
            "ingress": [
              {
                "cidr_blocks": [],
                "description": "",
                "from_port": 2049,
                "ipv6_cidr_blocks": [],
                "prefix_list_ids": [],
                "protocol": "tcp",
                "security_groups": [
                  "sg-0b6586dea90e65789"
                ],
                "self": false,
                "to_port": 2049
              }
            ],
            "name": "efs-target-eks-volumes",
            "name_prefix": "",
            "owner_id": "064814169464",
            "revoke_rules_on_delete": false,
            "tags": {},
            "tags_all": {},
            "timeouts": null,
            "vpc_id": "vpc-0cb945047b5dac62a"
          },
          "sensitive_attributes": [],
          "private": "eyJlMmJmYjczMC1lY2FhLTExZTYtOGY4OC0zNDM2M2JjN2M0YzAiOnsiY3JlYXRlIjo2MDAwMDAwMDAwMDAsImRlbGV0ZSI6OTAwMDAwMDAwMDAwfSwic2NoZW1hX3ZlcnNpb24iOiIxIn0=",
          "dependencies": [
            "data.aws_security_group.kops_node_secgrp",
            "data.aws_vpc.kops_vpc"
          ]
        }
      ]
    },
    {
      "mode": "managed",
      "type": "helm_release",
      "name": "nfs-subdir-external-provisioner",
      "provider": "provider[\"registry.terraform.io/hashicorp/helm\"]",
      "instances": [
        {
          "schema_version": 0,
          "attributes": {
            "atomic": false,
            "chart": "nfs-subdir-external-provisioner",
            "cleanup_on_fail": false,
            "create_namespace": false,
            "dependency_update": false,
            "description": null,
            "devel": null,
            "disable_crd_hooks": false,
            "disable_openapi_validation": false,
            "disable_webhooks": false,
            "force_update": false,
            "id": "nfs-subdir-external-provisioner",
            "keyring": null,
            "lint": false,
            "manifest": null,
            "max_history": 0,
            "metadata": [
              {
                "app_version": "4.0.2",
                "chart": "nfs-subdir-external-provisioner",
                "name": "nfs-subdir-external-provisioner",
                "namespace": "storage",
                "revision": 1,
                "values": "{\"nfs\":{\"path\":\"/\",\"server\":\"fs-a8764479.efs.ap-south-1.amazonaws.com\"},\"storageClass\":{\"name\":\"efs-client\"}}",
                "version": "4.0.10"
              }
            ],
            "name": "nfs-subdir-external-provisioner",
            "namespace": "storage",
            "postrender": [],
            "recreate_pods": false,
            "render_subchart_notes": true,
            "replace": false,
            "repository": "https://kubernetes-sigs.github.io/nfs-subdir-external-provisioner/",
            "repository_ca_file": null,
            "repository_cert_file": null,
            "repository_key_file": null,
            "repository_password": null,
            "repository_username": null,
            "reset_values": false,
            "reuse_values": false,
            "set": [
              {
                "name": "nfs.path",
                "type": "",
                "value": "/"
              },
              {
                "name": "nfs.server",
                "type": "",
                "value": "fs-a8764479.efs.ap-south-1.amazonaws.com"
              },
              {
                "name": "storageClass.name",
                "type": "",
                "value": "efs-client"
              }
            ],
            "set_sensitive": [],
            "skip_crds": false,
            "status": "deployed",
            "timeout": 300,
            "values": null,
            "verify": false,
            "version": "4.0.10",
            "wait": true,
            "wait_for_jobs": false
          },
          "sensitive_attributes": [],
          "private": "bnVsbA==",
          "dependencies": [
            "aws_efs_file_system.eks-volume",
            "aws_efs_mount_target.eks-volume-targets",
            "data.aws_subnet_ids.kops_subnets",
            "kubernetes_namespace.storage"
          ]
        }
      ]
    },
    {
      "mode": "managed",
      "type": "kubernetes_namespace",
      "name": "storage",
      "provider": "provider[\"registry.terraform.io/hashicorp/kubernetes\"]",
      "instances": [
        {
          "schema_version": 0,
          "attributes": {
            "id": "storage",
            "metadata": [
              {
                "annotations": null,
                "generate_name": "",
                "generation": 0,
                "labels": null,
                "name": "storage",
                "resource_version": "8874",
                "self_link": "",
                "uid": "87eaac24-312b-4e98-ab84-5be6ea1bc8b7"
              }
            ],
            "timeouts": null
          },
          "sensitive_attributes": [],
          "private": "eyJlMmJmYjczMC1lY2FhLTExZTYtOGY4OC0zNDM2M2JjN2M0YzAiOnsiZGVsZXRlIjozMDAwMDAwMDAwMDB9fQ=="
        }
      ]
    }
  ]
}
